
Microsoft Visual Studio Solution File, Format Version 12.00
# Visual Studio Version 16
VisualStudioVersion = 16.0.31624.102
MinimumVisualStudioVersion = 10.0.40219.1
Project("{FAE04EC0-301F-11D3-BF4B-00C04F79EFBC}") = "Wpf_Paint", "Wpf_Paint\Wpf_Paint.csproj", "{DBE13917-8FC6-40B5-9F0E-0C438BE49458}"
EndProject
Global
	GlobalSection(SolutionConfigurationPlatforms) = preSolution
		Debug|Any CPU = Debug|Any CPU
		Release|Any CPU = Release|Any CPU
	EndGlobalSection
	GlobalSection(ProjectConfigurationPlatforms) = postSolution
		{DBE13917-8FC6-40B5-9F0E-0C438BE49458}.Debug|Any CPU.ActiveCfg = Debug|Any CPU
		{DBE13917-8FC6-40B5-9F0E-0C438BE49458}.Debug|Any CPU.Build.0 = Debug|Any CPU
		{DBE13917-8FC6-40B5-9F0E-0C438BE49458}.Release|Any CPU.ActiveCfg = Release|Any CPU
		{DBE13917-8FC6-40B5-9F0E-0C438BE49458}.Release|Any CPU.Build.0 = Release|Any CPU
	EndGlobalSection
	GlobalSection(SolutionProperties) = preSolution
		HideSolutionNode = FALSE
	EndGlobalSection
	GlobalSection(ExtensibilityGlobals) = postSolution
		SolutionGuid = {C0061DB8-97FB-4BE3-9492-211C39CFA67A}
	EndGlobalSection
EndGlobal
